
Microsoft Visual Studio Solution File, Format Version 12.00
# Visual Studio Version 17
VisualStudioVersion = 17.8.34330.188
MinimumVisualStudioVersion = 10.0.40219.1
Project("{9A19103F-16F7-4668-BE54-9A1E7A4F7556}") = "Assignment.MVC", "Assignment.MVC\Assignment.MVC.csproj", "{A7D21A7F-68E6-43CA-B1CA-E983E1F62D33}"
EndProject
Project("{FAE04EC0-301F-11D3-BF4B-00C04F79EFBC}") = "Assignment.MVC.DataLayer", "Assignment.MVC.DataLayer\Assignment.MVC.DataLayer.csproj", "{C36B2192-3724-41A4-8061-358B521CA4B0}"
EndProject
Project("{FAE04EC0-301F-11D3-BF4B-00C04F79EFBC}") = "Assignment.MVC.BusinessLayer", "Assignment.MVC.BusinessLayer\Assignment.MVC.BusinessLayer.csproj", "{1F6DF6EF-F59D-4415-9A04-C4752BFA2327}"
EndProject
Global
	GlobalSection(SolutionConfigurationPlatforms) = preSolution
		Debug|Any CPU = Debug|Any CPU
		Release|Any CPU = Release|Any CPU
	EndGlobalSection
	GlobalSection(ProjectConfigurationPlatforms) = postSolution
		{A7D21A7F-68E6-43CA-B1CA-E983E1F62D33}.Debug|Any CPU.ActiveCfg = Debug|Any CPU
		{A7D21A7F-68E6-43CA-B1CA-E983E1F62D33}.Debug|Any CPU.Build.0 = Debug|Any CPU
		{A7D21A7F-68E6-43CA-B1CA-E983E1F62D33}.Release|Any CPU.ActiveCfg = Release|Any CPU
		{A7D21A7F-68E6-43CA-B1CA-E983E1F62D33}.Release|Any CPU.Build.0 = Release|Any CPU
		{C36B2192-3724-41A4-8061-358B521CA4B0}.Debug|Any CPU.ActiveCfg = Debug|Any CPU
		{C36B2192-3724-41A4-8061-358B521CA4B0}.Debug|Any CPU.Build.0 = Debug|Any CPU
		{C36B2192-3724-41A4-8061-358B521CA4B0}.Release|Any CPU.ActiveCfg = Release|Any CPU
		{C36B2192-3724-41A4-8061-358B521CA4B0}.Release|Any CPU.Build.0 = Release|Any CPU
		{1F6DF6EF-F59D-4415-9A04-C4752BFA2327}.Debug|Any CPU.ActiveCfg = Debug|Any CPU
		{1F6DF6EF-F59D-4415-9A04-C4752BFA2327}.Debug|Any CPU.Build.0 = Debug|Any CPU
		{1F6DF6EF-F59D-4415-9A04-C4752BFA2327}.Release|Any CPU.ActiveCfg = Release|Any CPU
		{1F6DF6EF-F59D-4415-9A04-C4752BFA2327}.Release|Any CPU.Build.0 = Release|Any CPU
	EndGlobalSection
	GlobalSection(SolutionProperties) = preSolution
		HideSolutionNode = FALSE
	EndGlobalSection
	GlobalSection(ExtensibilityGlobals) = postSolution
		SolutionGuid = {481AB34C-3EF7-4CDF-8940-2A1123B1E392}
	EndGlobalSection
EndGlobal
